Microsoft Visual Studio Solution File, Format Version 12.00
# Visual Studio Version 17
VisualStudioVersion = 17.0.31903.59
MinimumVisualStudioVersion = 10.0.40219.1
Project("{2150E333-8FDC-42A3-9474-1A3956D46DE8}") = "src", "src", "{4E3F5AE4-C695-4B7D-A9CB-0D01F2E6A101}"
EndProject
Project("{2150E333-8FDC-42A3-9474-1A3956D46DE8}") = "tests", "tests", "{4E3F5AE4-C695-4B7D-A9CB-0D01F2E6A102}"
EndProject
Project("{2150E333-8FDC-42A3-9474-1A3956D46DE8}") = "smoke", "smoke", "{4E3F5AE4-C695-4B7D-A9CB-0D01F2E6A103}"
EndProject
Project("{2150E333-8FDC-42A3-9474-1A3956D46DE8}") = "samples", "samples", "{4E3F5AE4-C695-4B7D-A9CB-0D01F2E6A104}"
EndProject
Project("{2150E333-8FDC-42A3-9474-1A3956D46DE8}") = "tools", "tools", "{4E3F5AE4-C695-4B7D-A9CB-0D01F2E6A105}"
EndProject
Project("{FAE04EC0-301F-11D3-BF4B-00C04F79EFBC}") = "JYPPX.ROCm.MIGraphX.CSharp.API", "src\JYPPX.ROCm.MIGraphX.CSharp.API\JYPPX.ROCm.MIGraphX.CSharp.API.csproj", "{716D5720-84F1-428E-A45A-D3375C974A8A}"
EndProject
Project("{FAE04EC0-301F-11D3-BF4B-00C04F79EFBC}") = "JYPPX.ROCm.MIGraphX.CSharp.API.HIP.Interop", "src\JYPPX.ROCm.MIGraphX.CSharp.API.HIP.Interop\JYPPX.ROCm.MIGraphX.CSharp.API.HIP.Interop.csproj", "{C6779EBA-5898-44BE-B24C-576CCD9F8E3F}"
EndProject
Project("{FAE04EC0-301F-11D3-BF4B-00C04F79EFBC}") = "JYPPX.ROCm.MIGraphXSharp.UnitTests", "tests\JYPPX.ROCm.MIGraphXSharp.UnitTests\JYPPX.ROCm.MIGraphXSharp.UnitTests.csproj", "{FA90252B-5C63-4435-9B65-8350D001A380}"
EndProject
Project("{FAE04EC0-301F-11D3-BF4B-00C04F79EFBC}") = "JYPPX.ROCm.MIGraphXSharp.ProjectQuality.Tests", "tests\JYPPX.ROCm.MIGraphXSharp.ProjectQuality.Tests\JYPPX.ROCm.MIGraphXSharp.ProjectQuality.Tests.csproj", "{845A514A-5803-4234-8C3A-DA91EEB36F77}"
EndProject
Project("{FAE04EC0-301F-11D3-BF4B-00C04F79EFBC}") = "JYPPX.ROCm.MIGraphXSharp.PackageTests", "tests\JYPPX.ROCm.MIGraphXSharp.PackageTests\JYPPX.ROCm.MIGraphXSharp.PackageTests.csproj", "{B2D2955C-D4E7-4E36-83C2-389753AFDE8D}"
EndProject
Project("{FAE04EC0-301F-11D3-BF4B-00C04F79EFBC}") = "EnvironmentSmokeRunner", "smoke\EnvironmentSmokeRunner\EnvironmentSmokeRunner.csproj", "{B9B7B05C-3888-4DF2-94AB-F1F730FC3F3B}"
EndProject
Project("{FAE04EC0-301F-11D3-BF4B-00C04F79EFBC}") = "JYPPX.ROCm.MIGraphXSharp.InteropRunner", "tests\JYPPX.ROCm.MIGraphXSharp.InteropRunner\JYPPX.ROCm.MIGraphXSharp.InteropRunner.csproj", "{C71B8D89-F5C4-4E3E-B07A-5B8A6BC9DB8C}"
EndProject
Project("{FAE04EC0-301F-11D3-BF4B-00C04F79EFBC}") = "OnnxWorkflowSmokeRunner", "smoke\OnnxWorkflowSmokeRunner\OnnxWorkflowSmokeRunner.csproj", "{A20DC8DC-A609-4307-957B-F8DB91AD1DBC}"
EndProject
Project("{FAE04EC0-301F-11D3-BF4B-00C04F79EFBC}") = "M2OnnxIdentity", "samples\M2OnnxIdentity\M2OnnxIdentity.csproj", "{1836348A-0D95-4D42-9947-C91670E10AA1}"
EndProject
Project("{FAE04EC0-301F-11D3-BF4B-00C04F79EFBC}") = "JYPPX.ROCm.MIGraphXSharp.BindingGenerator", "tools\BindingGenerator\BindingGenerator.csproj", "{D8839601-EE75-44EF-96B0-04B696EFF96A}"
EndProject
Project("{FAE04EC0-301F-11D3-BF4B-00C04F79EFBC}") = "ApiSurface", "tools\ApiSurface\ApiSurface.csproj", "{BC02BDEF-D16E-4A90-B3D6-E277C72CE72A}"
EndProject
Global
	GlobalSection(SolutionConfigurationPlatforms) = preSolution
		Debug|Any CPU = Debug|Any CPU
		Release|Any CPU = Release|Any CPU
	EndGlobalSection
	GlobalSection(ProjectConfigurationPlatforms) = postSolution
		{716D5720-84F1-428E-A45A-D3375C974A8A}.Debug|Any CPU.ActiveCfg = Debug|Any CPU
		{716D5720-84F1-428E-A45A-D3375C974A8A}.Debug|Any CPU.Build.0 = Debug|Any CPU
		{716D5720-84F1-428E-A45A-D3375C974A8A}.Release|Any CPU.ActiveCfg = Release|Any CPU
		{716D5720-84F1-428E-A45A-D3375C974A8A}.Release|Any CPU.Build.0 = Release|Any CPU
		{C6779EBA-5898-44BE-B24C-576CCD9F8E3F}.Debug|Any CPU.ActiveCfg = Debug|Any CPU
		{C6779EBA-5898-44BE-B24C-576CCD9F8E3F}.Debug|Any CPU.Build.0 = Debug|Any CPU
		{C6779EBA-5898-44BE-B24C-576CCD9F8E3F}.Release|Any CPU.ActiveCfg = Release|Any CPU
		{C6779EBA-5898-44BE-B24C-576CCD9F8E3F}.Release|Any CPU.Build.0 = Release|Any CPU
		{FA90252B-5C63-4435-9B65-8350D001A380}.Debug|Any CPU.ActiveCfg = Debug|Any CPU
		{FA90252B-5C63-4435-9B65-8350D001A380}.Debug|Any CPU.Build.0 = Debug|Any CPU
		{FA90252B-5C63-4435-9B65-8350D001A380}.Release|Any CPU.ActiveCfg = Release|Any CPU
		{FA90252B-5C63-4435-9B65-8350D001A380}.Release|Any CPU.Build.0 = Release|Any CPU
		{845A514A-5803-4234-8C3A-DA91EEB36F77}.Debug|Any CPU.ActiveCfg = Debug|Any CPU
		{845A514A-5803-4234-8C3A-DA91EEB36F77}.Debug|Any CPU.Build.0 = Debug|Any CPU
		{845A514A-5803-4234-8C3A-DA91EEB36F77}.Release|Any CPU.ActiveCfg = Release|Any CPU
		{845A514A-5803-4234-8C3A-DA91EEB36F77}.Release|Any CPU.Build.0 = Release|Any CPU
		{B2D2955C-D4E7-4E36-83C2-389753AFDE8D}.Debug|Any CPU.ActiveCfg = Debug|Any CPU
		{B2D2955C-D4E7-4E36-83C2-389753AFDE8D}.Debug|Any CPU.Build.0 = Debug|Any CPU
		{B2D2955C-D4E7-4E36-83C2-389753AFDE8D}.Release|Any CPU.ActiveCfg = Release|Any CPU
		{B2D2955C-D4E7-4E36-83C2-389753AFDE8D}.Release|Any CPU.Build.0 = Release|Any CPU
		{B9B7B05C-3888-4DF2-94AB-F1F730FC3F3B}.Debug|Any CPU.ActiveCfg = Debug|Any CPU
		{B9B7B05C-3888-4DF2-94AB-F1F730FC3F3B}.Debug|Any CPU.Build.0 = Debug|Any CPU
		{B9B7B05C-3888-4DF2-94AB-F1F730FC3F3B}.Release|Any CPU.ActiveCfg = Release|Any CPU
		{B9B7B05C-3888-4DF2-94AB-F1F730FC3F3B}.Release|Any CPU.Build.0 = Release|Any CPU
		{C71B8D89-F5C4-4E3E-B07A-5B8A6BC9DB8C}.Debug|Any CPU.ActiveCfg = Debug|Any CPU
		{C71B8D89-F5C4-4E3E-B07A-5B8A6BC9DB8C}.Debug|Any CPU.Build.0 = Debug|Any CPU
		{C71B8D89-F5C4-4E3E-B07A-5B8A6BC9DB8C}.Release|Any CPU.ActiveCfg = Release|Any CPU
		{C71B8D89-F5C4-4E3E-B07A-5B8A6BC9DB8C}.Release|Any CPU.Build.0 = Release|Any CPU
		{A20DC8DC-A609-4307-957B-F8DB91AD1DBC}.Debug|Any CPU.ActiveCfg = Debug|Any CPU
		{A20DC8DC-A609-4307-957B-F8DB91AD1DBC}.Debug|Any CPU.Build.0 = Debug|Any CPU
		{A20DC8DC-A609-4307-957B-F8DB91AD1DBC}.Release|Any CPU.ActiveCfg = Release|Any CPU
		{A20DC8DC-A609-4307-957B-F8DB91AD1DBC}.Release|Any CPU.Build.0 = Release|Any CPU
		{1836348A-0D95-4D42-9947-C91670E10AA1}.Debug|Any CPU.ActiveCfg = Debug|Any CPU
		{1836348A-0D95-4D42-9947-C91670E10AA1}.Debug|Any CPU.Build.0 = Debug|Any CPU
		{1836348A-0D95-4D42-9947-C91670E10AA1}.Release|Any CPU.ActiveCfg = Release|Any CPU
		{1836348A-0D95-4D42-9947-C91670E10AA1}.Release|Any CPU.Build.0 = Release|Any CPU
		{D8839601-EE75-44EF-96B0-04B696EFF96A}.Debug|Any CPU.ActiveCfg = Debug|Any CPU
		{D8839601-EE75-44EF-96B0-04B696EFF96A}.Debug|Any CPU.Build.0 = Debug|Any CPU
		{D8839601-EE75-44EF-96B0-04B696EFF96A}.Release|Any CPU.ActiveCfg = Release|Any CPU
		{D8839601-EE75-44EF-96B0-04B696EFF96A}.Release|Any CPU.Build.0 = Release|Any CPU
		{BC02BDEF-D16E-4A90-B3D6-E277C72CE72A}.Debug|Any CPU.ActiveCfg = Debug|Any CPU
		{BC02BDEF-D16E-4A90-B3D6-E277C72CE72A}.Debug|Any CPU.Build.0 = Debug|Any CPU
		{BC02BDEF-D16E-4A90-B3D6-E277C72CE72A}.Release|Any CPU.ActiveCfg = Release|Any CPU
		{BC02BDEF-D16E-4A90-B3D6-E277C72CE72A}.Release|Any CPU.Build.0 = Release|Any CPU
	EndGlobalSection
	GlobalSection(NestedProjects) = preSolution
		{716D5720-84F1-428E-A45A-D3375C974A8A} = {4E3F5AE4-C695-4B7D-A9CB-0D01F2E6A101}
		{C6779EBA-5898-44BE-B24C-576CCD9F8E3F} = {4E3F5AE4-C695-4B7D-A9CB-0D01F2E6A101}
		{FA90252B-5C63-4435-9B65-8350D001A380} = {4E3F5AE4-C695-4B7D-A9CB-0D01F2E6A102}
		{845A514A-5803-4234-8C3A-DA91EEB36F77} = {4E3F5AE4-C695-4B7D-A9CB-0D01F2E6A102}
		{B2D2955C-D4E7-4E36-83C2-389753AFDE8D} = {4E3F5AE4-C695-4B7D-A9CB-0D01F2E6A102}
		{C71B8D89-F5C4-4E3E-B07A-5B8A6BC9DB8C} = {4E3F5AE4-C695-4B7D-A9CB-0D01F2E6A102}
		{B9B7B05C-3888-4DF2-94AB-F1F730FC3F3B} = {4E3F5AE4-C695-4B7D-A9CB-0D01F2E6A103}
		{A20DC8DC-A609-4307-957B-F8DB91AD1DBC} = {4E3F5AE4-C695-4B7D-A9CB-0D01F2E6A103}
		{1836348A-0D95-4D42-9947-C91670E10AA1} = {4E3F5AE4-C695-4B7D-A9CB-0D01F2E6A104}
		{D8839601-EE75-44EF-96B0-04B696EFF96A} = {4E3F5AE4-C695-4B7D-A9CB-0D01F2E6A105}
		{BC02BDEF-D16E-4A90-B3D6-E277C72CE72A} = {4E3F5AE4-C695-4B7D-A9CB-0D01F2E6A105}
	EndGlobalSection
EndGlobal
